
Microsoft Visual Studio Solution File, Format Version 12.00
# Visual Studio Version 17
VisualStudioVersion = 17.4.33205.214
MinimumVisualStudioVersion = 10.0.40219.1
Project("{2150E333-8FDC-42A3-9474-1A3956D46DE8}") = "FrontEnd", "FrontEnd", "{41F1A59B-60F8-463B-9306-40D5B6C22CB1}"
EndProject
Project("{2150E333-8FDC-42A3-9474-1A3956D46DE8}") = "Services", "Services", "{0DD506B4-BE53-4EC5-9189-71E131B6FE0B}"
EndProject
Project("{9A19103F-16F7-4668-BE54-9A1E7A4F7556}") = "GeekShopping.Web", "GeekShopping.Web\GeekShopping.Web.csproj", "{6545259F-4C98-4117-976C-ABEFABBC668F}"
EndProject
Project("{9A19103F-16F7-4668-BE54-9A1E7A4F7556}") = "GeekShopping.ProductAPI", "GeekShopping.ProductAPI\GeekShopping.ProductAPI.csproj", "{4C46BCD3-E258-4531-89F6-8684E5133657}"
EndProject
Project("{9A19103F-16F7-4668-BE54-9A1E7A4F7556}") = "GeekShopping.IdentityServer", "GeekShopping.IdentityServer\GeekShopping.IdentityServer.csproj", "{C1BC0569-7B02-4A40-9010-19E444AD34D7}"
EndProject
Project("{9A19103F-16F7-4668-BE54-9A1E7A4F7556}") = "GeekShopping.CartAPI", "GeekShopping.CartAPI\GeekShopping.CartAPI.csproj", "{D53086F1-2F38-43B0-9BB3-37D6D3E9352B}"
EndProject
Project("{9A19103F-16F7-4668-BE54-9A1E7A4F7556}") = "GeekShopping.CouponAPI", "GeekShopping.CouponAPI\GeekShopping.CouponAPI.csproj", "{E21D4C71-0BAD-446D-83B0-3A1451F33411}"
EndProject
Project("{2150E333-8FDC-42A3-9474-1A3956D46DE8}") = "Integration", "Integration", "{236DCF0A-DC78-4717-AF1C-C905DC8F9858}"
EndProject
Project("{9A19103F-16F7-4668-BE54-9A1E7A4F7556}") = "GeekShopping.MessageBus", "GeekShopping.MessageBus\GeekShopping.MessageBus.csproj", "{09DC3D5C-39D3-477D-824D-2B5515896180}"
EndProject
Project("{9A19103F-16F7-4668-BE54-9A1E7A4F7556}") = "GeekShopping.OrderAPI", "GeekShopping.OrderAPI\GeekShopping.OrderAPI.csproj", "{5FEA0F2A-3C82-4F9E-9D56-7CF21C94998B}"
EndProject
Project("{2150E333-8FDC-42A3-9474-1A3956D46DE8}") = "Payments", "Payments", "{FF2C8235-8249-47DF-BC93-952FFA201A19}"
EndProject
Project("{9A19103F-16F7-4668-BE54-9A1E7A4F7556}") = "GeekShopping.PaymentsProcessor", "GeekShopping.PaymentsProcessor\GeekShopping.PaymentsProcessor.csproj", "{07AF8A67-CCCA-4E33-BCC4-A9BC2B3E0D59}"
EndProject
Project("{9A19103F-16F7-4668-BE54-9A1E7A4F7556}") = "GeekShopping.PaymentAPI", "GeekShopping.PaymentAPI\GeekShopping.PaymentAPI.csproj", "{B2289BBB-0C91-4E76-B159-955D2F7B4BC0}"
EndProject
Project("{FAE04EC0-301F-11D3-BF4B-00C04F79EFBC}") = "GeekShopping.Email", "GeekShopping.Email\GeekShopping.Email.csproj", "{EC1C0591-BE16-4DCA-8FD8-050BE2285938}"
EndProject
Project("{2150E333-8FDC-42A3-9474-1A3956D46DE8}") = "Gateway", "Gateway", "{7E8AC621-253F-4010-A8AC-CF89CFCFF788}"
EndProject
Project("{FAE04EC0-301F-11D3-BF4B-00C04F79EFBC}") = "GeekShopping.APIGateway", "GeekShopping.APIGateway\GeekShopping.APIGateway.csproj", "{9314647B-5D66-4AAD-AEBD-ED1471D30E38}"
EndProject
Global
	GlobalSection(SolutionConfigurationPlatforms) = preSolution
		Debug|Any CPU = Debug|Any CPU
		Release|Any CPU = Release|Any CPU
	EndGlobalSection
	GlobalSection(ProjectConfigurationPlatforms) = postSolution
		{6545259F-4C98-4117-976C-ABEFABBC668F}.Debug|Any CPU.ActiveCfg = Debug|Any CPU
		{6545259F-4C98-4117-976C-ABEFABBC668F}.Debug|Any CPU.Build.0 = Debug|Any CPU
		{6545259F-4C98-4117-976C-ABEFABBC668F}.Release|Any CPU.ActiveCfg = Release|Any CPU
		{6545259F-4C98-4117-976C-ABEFABBC668F}.Release|Any CPU.Build.0 = Release|Any CPU
		{4C46BCD3-E258-4531-89F6-8684E5133657}.Debug|Any CPU.ActiveCfg = Debug|Any CPU
		{4C46BCD3-E258-4531-89F6-8684E5133657}.Debug|Any CPU.Build.0 = Debug|Any CPU
		{4C46BCD3-E258-4531-89F6-8684E5133657}.Release|Any CPU.ActiveCfg = Release|Any CPU
		{4C46BCD3-E258-4531-89F6-8684E5133657}.Release|Any CPU.Build.0 = Release|Any CPU
		{C1BC0569-7B02-4A40-9010-19E444AD34D7}.Debug|Any CPU.ActiveCfg = Debug|Any CPU
		{C1BC0569-7B02-4A40-9010-19E444AD34D7}.Debug|Any CPU.Build.0 = Debug|Any CPU
		{C1BC0569-7B02-4A40-9010-19E444AD34D7}.Release|Any CPU.ActiveCfg = Release|Any CPU
		{C1BC0569-7B02-4A40-9010-19E444AD34D7}.Release|Any CPU.Build.0 = Release|Any CPU
		{D53086F1-2F38-43B0-9BB3-37D6D3E9352B}.Debug|Any CPU.ActiveCfg = Debug|Any CPU
		{D53086F1-2F38-43B0-9BB3-37D6D3E9352B}.Debug|Any CPU.Build.0 = Debug|Any CPU
		{D53086F1-2F38-43B0-9BB3-37D6D3E9352B}.Release|Any CPU.ActiveCfg = Release|Any CPU
		{D53086F1-2F38-43B0-9BB3-37D6D3E9352B}.Release|Any CPU.Build.0 = Release|Any CPU
		{E21D4C71-0BAD-446D-83B0-3A1451F33411}.Debug|Any CPU.ActiveCfg = Debug|Any CPU
		{E21D4C71-0BAD-446D-83B0-3A1451F33411}.Debug|Any CPU.Build.0 = Debug|Any CPU
		{E21D4C71-0BAD-446D-83B0-3A1451F33411}.Release|Any CPU.ActiveCfg = Release|Any CPU
		{E21D4C71-0BAD-446D-83B0-3A1451F33411}.Release|Any CPU.Build.0 = Release|Any CPU
		{09DC3D5C-39D3-477D-824D-2B5515896180}.Debug|Any CPU.ActiveCfg = Debug|Any CPU
		{09DC3D5C-39D3-477D-824D-2B5515896180}.Debug|Any CPU.Build.0 = Debug|Any CPU
		{09DC3D5C-39D3-477D-824D-2B5515896180}.Release|Any CPU.ActiveCfg = Release|Any CPU
		{09DC3D5C-39D3-477D-824D-2B5515896180}.Release|Any CPU.Build.0 = Release|Any CPU
		{5FEA0F2A-3C82-4F9E-9D56-7CF21C94998B}.Debug|Any CPU.ActiveCfg = Debug|Any CPU
		{5FEA0F2A-3C82-4F9E-9D56-7CF21C94998B}.Debug|Any CPU.Build.0 = Debug|Any CPU
		{5FEA0F2A-3C82-4F9E-9D56-7CF21C94998B}.Release|Any CPU.ActiveCfg = Release|Any CPU
		{5FEA0F2A-3C82-4F9E-9D56-7CF21C94998B}.Release|Any CPU.Build.0 = Release|Any CPU
		{07AF8A67-CCCA-4E33-BCC4-A9BC2B3E0D59}.Debug|Any CPU.ActiveCfg = Debug|Any CPU
		{07AF8A67-CCCA-4E33-BCC4-A9BC2B3E0D59}.Debug|Any CPU.Build.0 = Debug|Any CPU
		{07AF8A67-CCCA-4E33-BCC4-A9BC2B3E0D59}.Release|Any CPU.ActiveCfg = Release|Any CPU
		{07AF8A67-CCCA-4E33-BCC4-A9BC2B3E0D59}.Release|Any CPU.Build.0 = Release|Any CPU
		{B2289BBB-0C91-4E76-B159-955D2F7B4BC0}.Debug|Any CPU.ActiveCfg = Debug|Any CPU
		{B2289BBB-0C91-4E76-B159-955D2F7B4BC0}.Debug|Any CPU.Build.0 = Debug|Any CPU
		{B2289BBB-0C91-4E76-B159-955D2F7B4BC0}.Release|Any CPU.ActiveCfg = Release|Any CPU
		{B2289BBB-0C91-4E76-B159-955D2F7B4BC0}.Release|Any CPU.Build.0 = Release|Any CPU
		{EC1C0591-BE16-4DCA-8FD8-050BE2285938}.Debug|Any CPU.ActiveCfg = Debug|Any CPU
		{EC1C0591-BE16-4DCA-8FD8-050BE2285938}.Debug|Any CPU.Build.0 = Debug|Any CPU
		{EC1C0591-BE16-4DCA-8FD8-050BE2285938}.Release|Any CPU.ActiveCfg = Release|Any CPU
		{EC1C0591-BE16-4DCA-8FD8-050BE2285938}.Release|Any CPU.Build.0 = Release|Any CPU
		{9314647B-5D66-4AAD-AEBD-ED1471D30E38}.Debug|Any CPU.ActiveCfg = Debug|Any CPU
		{9314647B-5D66-4AAD-AEBD-ED1471D30E38}.Debug|Any CPU.Build.0 = Debug|Any CPU
		{9314647B-5D66-4AAD-AEBD-ED1471D30E38}.Release|Any CPU.ActiveCfg = Release|Any CPU
		{9314647B-5D66-4AAD-AEBD-ED1471D30E38}.Release|Any CPU.Build.0 = Release|Any CPU
	EndGlobalSection
	GlobalSection(SolutionProperties) = preSolution
		HideSolutionNode = FALSE
	EndGlobalSection
	GlobalSection(NestedProjects) = preSolution
		{6545259F-4C98-4117-976C-ABEFABBC668F} = {41F1A59B-60F8-463B-9306-40D5B6C22CB1}
		{4C46BCD3-E258-4531-89F6-8684E5133657} = {0DD506B4-BE53-4EC5-9189-71E131B6FE0B}
		{C1BC0569-7B02-4A40-9010-19E444AD34D7} = {0DD506B4-BE53-4EC5-9189-71E131B6FE0B}
		{D53086F1-2F38-43B0-9BB3-37D6D3E9352B} = {0DD506B4-BE53-4EC5-9189-71E131B6FE0B}
		{E21D4C71-0BAD-446D-83B0-3A1451F33411} = {0DD506B4-BE53-4EC5-9189-71E131B6FE0B}
		{09DC3D5C-39D3-477D-824D-2B5515896180} = {236DCF0A-DC78-4717-AF1C-C905DC8F9858}
		{5FEA0F2A-3C82-4F9E-9D56-7CF21C94998B} = {0DD506B4-BE53-4EC5-9189-71E131B6FE0B}
		{07AF8A67-CCCA-4E33-BCC4-A9BC2B3E0D59} = {FF2C8235-8249-47DF-BC93-952FFA201A19}
		{B2289BBB-0C91-4E76-B159-955D2F7B4BC0} = {0DD506B4-BE53-4EC5-9189-71E131B6FE0B}
		{EC1C0591-BE16-4DCA-8FD8-050BE2285938} = {0DD506B4-BE53-4EC5-9189-71E131B6FE0B}
		{9314647B-5D66-4AAD-AEBD-ED1471D30E38} = {7E8AC621-253F-4010-A8AC-CF89CFCFF788}
	EndGlobalSection
	GlobalSection(ExtensibilityGlobals) = postSolution
		SolutionGuid = {8630D9C3-C351-42E1-9239-BA30B4AFADB6}
	EndGlobalSection
EndGlobal
